
Microsoft Visual Studio Solution File, Format Version 12.00
# Visual Studio 15
VisualStudioVersion = 15.0.28307.271
MinimumVisualStudioVersion = 10.0.40219.1
Project("{FAE04EC0-301F-11D3-BF4B-00C04F79EFBC}") = "CoffeeShop.Api", "CoffeeShopApi\CoffeeShop.Api.csproj", "{AC09A35F-F572-4ED2-88AF-176A17AAA9EC}"
EndProject
Project("{FAE04EC0-301F-11D3-BF4B-00C04F79EFBC}") = "CoffeeShop.Domain", "CoffeeShop.Domain\CoffeeShop.Domain.csproj", "{9133536C-1643-4851-9A95-646CA459C3C2}"
EndProject
Project("{FAE04EC0-301F-11D3-BF4B-00C04F79EFBC}") = "CoffeeShop.Business", "CoffeeShop.Business\CoffeeShop.Business.csproj", "{5B294347-AE57-439F-B087-1DBDCCF37A45}"
EndProject
Project("{FAE04EC0-301F-11D3-BF4B-00C04F79EFBC}") = "CoffeeShop.Repositories", "CoffeeShop.Repositories\CoffeeShop.Repositories.csproj", "{DACE0AB8-969C-46AF-8D30-AC50A4D411F3}"
EndProject
Global
	GlobalSection(SolutionConfigurationPlatforms) = preSolution
		Debug|Any CPU = Debug|Any CPU
		Release|Any CPU = Release|Any CPU
	EndGlobalSection
	GlobalSection(ProjectConfigurationPlatforms) = postSolution
		{AC09A35F-F572-4ED2-88AF-176A17AAA9EC}.Debug|Any CPU.ActiveCfg = Debug|Any CPU
		{AC09A35F-F572-4ED2-88AF-176A17AAA9EC}.Debug|Any CPU.Build.0 = Debug|Any CPU
		{AC09A35F-F572-4ED2-88AF-176A17AAA9EC}.Release|Any CPU.ActiveCfg = Release|Any CPU
		{AC09A35F-F572-4ED2-88AF-176A17AAA9EC}.Release|Any CPU.Build.0 = Release|Any CPU
		{9133536C-1643-4851-9A95-646CA459C3C2}.Debug|Any CPU.ActiveCfg = Debug|Any CPU
		{9133536C-1643-4851-9A95-646CA459C3C2}.Debug|Any CPU.Build.0 = Debug|Any CPU
		{9133536C-1643-4851-9A95-646CA459C3C2}.Release|Any CPU.ActiveCfg = Release|Any CPU
		{9133536C-1643-4851-9A95-646CA459C3C2}.Release|Any CPU.Build.0 = Release|Any CPU
		{5B294347-AE57-439F-B087-1DBDCCF37A45}.Debug|Any CPU.ActiveCfg = Debug|Any CPU
		{5B294347-AE57-439F-B087-1DBDCCF37A45}.Debug|Any CPU.Build.0 = Debug|Any CPU
		{5B294347-AE57-439F-B087-1DBDCCF37A45}.Release|Any CPU.ActiveCfg = Release|Any CPU
		{5B294347-AE57-439F-B087-1DBDCCF37A45}.Release|Any CPU.Build.0 = Release|Any CPU
		{DACE0AB8-969C-46AF-8D30-AC50A4D411F3}.Debug|Any CPU.ActiveCfg = Debug|Any CPU
		{DACE0AB8-969C-46AF-8D30-AC50A4D411F3}.Debug|Any CPU.Build.0 = Debug|Any CPU
		{DACE0AB8-969C-46AF-8D30-AC50A4D411F3}.Release|Any CPU.ActiveCfg = Release|Any CPU
		{DACE0AB8-969C-46AF-8D30-AC50A4D411F3}.Release|Any CPU.Build.0 = Release|Any CPU
	EndGlobalSection
	GlobalSection(SolutionProperties) = preSolution
		HideSolutionNode = FALSE
	EndGlobalSection
	GlobalSection(ExtensibilityGlobals) = postSolution
		SolutionGuid = {49AB6948-9EB9-4E69-A7BC-7648E55890AA}
	EndGlobalSection
EndGlobal
